
Microsoft Visual Studio Solution File, Format Version 12.00
# Visual Studio Version 17
VisualStudioVersion = 17.13.35919.96 d17.13
MinimumVisualStudioVersion = 10.0.40219.1
Project("{FAE04EC0-301F-11D3-BF4B-00C04F79EFBC}") = "NotingTesting", "NotingTesting\NotingTesting.csproj", "{D4C933BD-6C81-4FED-B9FE-3A57C0CE2287}"
EndProject
Global
	GlobalSection(SolutionConfigurationPlatforms) = preSolution
		Debug|Any CPU = Debug|Any CPU
		Release|Any CPU = Release|Any CPU
	EndGlobalSection
	GlobalSection(ProjectConfigurationPlatforms) = postSolution
		{D4C933BD-6C81-4FED-B9FE-3A57C0CE2287}.Debug|Any CPU.ActiveCfg = Debug|Any CPU
		{D4C933BD-6C81-4FED-B9FE-3A57C0CE2287}.Debug|Any CPU.Build.0 = Debug|Any CPU
		{D4C933BD-6C81-4FED-B9FE-3A57C0CE2287}.Release|Any CPU.ActiveCfg = Release|Any CPU
		{D4C933BD-6C81-4FED-B9FE-3A57C0CE2287}.Release|Any CPU.Build.0 = Release|Any CPU
	EndGlobalSection
	GlobalSection(SolutionProperties) = preSolution
		HideSolutionNode = FALSE
	EndGlobalSection
	GlobalSection(ExtensibilityGlobals) = postSolution
		SolutionGuid = {094412B0-98CB-4912-B043-5D3DADE5C452}
	EndGlobalSection
EndGlobal
